
Microsoft Visual Studio Solution File, Format Version 12.00
# Visual Studio Version 16
VisualStudioVersion = 16.0.31025.194
MinimumVisualStudioVersion = 10.0.40219.1
Project("{FAE04EC0-301F-11D3-BF4B-00C04F79EFBC}") = "HomeRayTracer", "HomeRayTracer\HomeRayTracer.csproj", "{C39AF659-3738-4CA7-8C47-4922C489B0BB}"
EndProject
Global
	GlobalSection(SolutionConfigurationPlatforms) = preSolution
		Debug|Any CPU = Debug|Any CPU
		Release|Any CPU = Release|Any CPU
	EndGlobalSection
	GlobalSection(ProjectConfigurationPlatforms) = postSolution
		{C39AF659-3738-4CA7-8C47-4922C489B0BB}.Debug|Any CPU.ActiveCfg = Debug|Any CPU
		{C39AF659-3738-4CA7-8C47-4922C489B0BB}.Debug|Any CPU.Build.0 = Debug|Any CPU
		{C39AF659-3738-4CA7-8C47-4922C489B0BB}.Release|Any CPU.ActiveCfg = Release|Any CPU
		{C39AF659-3738-4CA7-8C47-4922C489B0BB}.Release|Any CPU.Build.0 = Release|Any CPU
	EndGlobalSection
	GlobalSection(SolutionProperties) = preSolution
		HideSolutionNode = FALSE
	EndGlobalSection
	GlobalSection(ExtensibilityGlobals) = postSolution
		SolutionGuid = {C0A5EAD0-78B9-438A-82C5-09ADF1C8418C}
	EndGlobalSection
EndGlobal
